github.com/gorilla/mux v1.8.1 h1:TuBL49tXwgrFYWhqrNgrUNEY92u81SPhu7sTdzQEiWY=
github.com/gorilla/mux v1.8.1/go.mod h1:AKf9I4AEqPTmMytcMc0KkNouC66V3BtZ4qD5fmWSiMQ=
github.com/gorilla/websocket v1.5.1 h1:gmztn0JnHVt9JZquRuzLw3g4wouNVzKL15iLr/zn/QY=
github.com/gorilla/websocket v1.5.1/go.mod h1:x3kM2JMyaluk02fnUJpQuwD2dCS5NDG2ZHL0uE0tcaY=
github.com/xxl6097/go-glog v0.0.2 h1:ARDLtFryKiZ+GDOKegrzr5U48/qIDKM3QIW13ndqRPU=
github.com/xxl6097/go-glog v0.0.2/go.mod h1:FI2GotVtTm6pXskaTa6g6+Z0tqSGS0iJP9sqcsCnGMY=
github.com/xxl6097/go-glog v0.0.3 h1:V8hOhPlIrUBRgLCjZ/C9PMNinWViAU4du98ORCy58h8=
github.com/xxl6097/go-glog v0.0.3/go.mod h1:FI2GotVtTm6pXskaTa6g6+Z0tqSGS0iJP9sqcsCnGMY=
github.com/xxl6097/gologview v0.0.20 h1:ai1Giw67+NtGpcaWDNWJp15zPDsGArD2J6EMpR/Jfyc=
github.com/xxl6097/gologview v0.0.20/go.mod h1:u/DEC5TJQOafQpbDX5w2LYiMSVXFMJuo2wpWsKTp7JQ=
github.com/xxl6097/gologview v0.0.22 h1:EC5y3iJ/PKxXGjwY1lxGBNWrgZ7ZIQubsgUt/tsvVok=
github.com/xxl6097/gologview v0.0.22/go.mod h1:EurzKmQDJxaMKWA3ZNuKAfWx93rXef/JQd5obBktLso=
github.com/xxl6097/gologview v0.0.23 h1:Q1FotoRa/Mzj8neER7Z7MmXcwRIbrAXVfyNMzLyO1Ck=
github.com/xxl6097/gologview v0.0.23/go.mod h1:EurzKmQDJxaMKWA3ZNuKAfWx93rXef/JQd5obBktLso=
github.com/xxl6097/gologview v0.0.24 h1:gIes/wjmOELuaJwt1Pqa9eNfLvT09G9v8iHyp33YeXw=
github.com/xxl6097/gologview v0.0.24/go.mod h1:EurzKmQDJxaMKWA3ZNuKAfWx93rXef/JQd5obBktLso=
github.com/xxl6097/gologview v1.0.0 h1:E8NzZovVQXEymiHHuj93MCPMh7hpal8sNwQiBgvRjoA=
github.com/xxl6097/gologview v1.0.0/go.mod h1:EurzKmQDJxaMKWA3ZNuKAfWx93rXef/JQd5obBktLso=
github.com/xxl6097/gologview v1.0.1 h1:BrvsxxUDub99WZ2RnFXvHB8fFWFxpOPHCxLN/LmNEGY=
github.com/xxl6097/gologview v1.0.1/go.mod h1:EurzKmQDJxaMKWA3ZNuKAfWx93rXef/JQd5obBktLso=
github.com/xxl6097/gologview v1.0.2 h1:XKl19y4/37tECTNCnTOMBACizfJLZsNCNqW9tZCLDEA=
github.com/xxl6097/gologview v1.0.2/go.mod h1:EurzKmQDJxaMKWA3ZNuKAfWx93rXef/JQd5obBktLso=
github.com/xxl6097/gologview v1.0.3 h1:0EONXHo+51EwUrH+s+GvlKMpiELv7HBOfxsK0HQW2n0=
github.com/xxl6097/gologview v1.0.3/go.mod h1:EurzKmQDJxaMKWA3ZNuKAfWx93rXef/JQd5obBktLso=
github.com/xxl6097/gologview v1.0.4 h1:7aypQk6FDi6B4O7XJajDU7K+BPw+yDqdvBbyUC+YSdY=
github.com/xxl6097/gologview v1.0.4/go.mod h1:EurzKmQDJxaMKWA3ZNuKAfWx93rXef/JQd5obBktLso=
github.com/xxl6097/gologview v1.0.5 h1:mczUC8cMGqgglszzSqYgrfgRLHrFn5INqG39DQFR8mM=
github.com/xxl6097/gologview v1.0.5/go.mod h1:EurzKmQDJxaMKWA3ZNuKAfWx93rXef/JQd5obBktLso=
golang.org/x/net v0.19.0 h1:zTwKpTd2XuCqf8huc7Fo2iSy+4RHPd10s4KzeTnVr1c=
golang.org/x/net v0.19.0/go.mod h1:CfAk/cbD4CthTvqiEl8NpboMuiuOYsAr/7NOjZJtv1U=
gopkg.in/check.v1 v0.0.0-20161208181325-20d25e280405/go.mod h1:Co6ibVJAznAaIkqp8huTwlJQCZ016jof/cbN4VW5Yz0=
gopkg.in/yaml.v2 v2.4.0 h1:D8xgwECY7CYvx+Y2n4sBz93Jn9JRvxdiyyo8CTfuKaY=
gopkg.in/yaml.v2 v2.4.0/go.mod h1:RDklbk79AGWmwhnvt/jBztapEOGDOx6ZbXqjP6csGnQ=
gopkg.in/yaml.v3 v3.0.1 h1:fxVm/GzAzEWqLHuvctI91KS9hhNmmWOoWu0XTYJS7CA=
gopkg.in/yaml.v3 v3.0.1/go.mod h1:K4uyk7z7BCEPqu6E+C64Yfv1cQ7kz7rIZviUmN+EgEM=
